// !$*UTF8*$!
{
	archiveVersion = 1;
	classes = {
	};
	objectVersion = 50;
	objects = {

/* Begin PBXBuildFile section */
		85004A90239F07A600ED3334 /* reverse.c in Sources */ = {isa = PBXBuildFile; fileRef = 85004A8F239F07A600ED3334 /* reverse.c */; };
		8509ABCC23DF9DA300B565CD /* istockphoto-945479754-612x612.jpg in Resources */ = {isa = PBXBuildFile; fileRef = 8509ABCB23DF9DA300B565CD /* istockphoto-945479754-612x612.jpg */; };
		8509ABD423DFA1EE00B565CD /* Rover New.png in Resources */ = {isa = PBXBuildFile; fileRef = 8509ABD323DFA1EE00B565CD /* Rover New.png */; };
		852B40C3237626FD0044AF2D /* PythagController.m in Sources */ = {isa = PBXBuildFile; fileRef = 852B40C2237626FD0044AF2D /* PythagController.m */; };
		855FB19423D7BC7600B24534 /* square.jpg in Resources */ = {isa = PBXBuildFile; fileRef = 855FB19323D7BC7600B24534 /* square.jpg */; };
		855FB19823D7BCBA00B24534 /* EasyDopeyLeafbird-max-1mb.gif in Resources */ = {isa = PBXBuildFile; fileRef = 855FB19723D7BCBA00B24534 /* EasyDopeyLeafbird-max-1mb.gif */; };
		855FB19A23D7BCF600B24534 /* button.png in Resources */ = {isa = PBXBuildFile; fileRef = 855FB19923D7BCF600B24534 /* button.png */; };
		855FB1A123D7BD2100B24534 /* tirangler.png in Resources */ = {isa = PBXBuildFile; fileRef = 855FB1A023D7BD2100B24534 /* tirangler.png */; };
		855FB1A523D7C12600B24534 /* glossy-pink-2-button-md.png in Resources */ = {isa = PBXBuildFile; fileRef = 855FB1A423D7C12600B24534 /* glossy-pink-2-button-md.png */; };
		8574475E2370D7D2008222BA /* AppDelegate.m in Sources */ = {isa = PBXBuildFile; fileRef = 8574475D2370D7D2008222BA /* AppDelegate.m */; };
		857447612370D7D2008222BA /* SceneDelegate.m in Sources */ = {isa = PBXBuildFile; fileRef = 857447602370D7D2008222BA /* SceneDelegate.m */; };
		857447642370D7D2008222BA /* ViewController.m in Sources */ = {isa = PBXBuildFile; fileRef = 857447632370D7D2008222BA /* ViewController.m */; };
		857447672370D7D2008222BA /* Main.storyboard in Resources */ = {isa = PBXBuildFile; fileRef = 857447652370D7D2008222BA /* Main.storyboard */; };
		857447692370D7D4008222BA /* Assets.xcassets in Resources */ = {isa = PBXBuildFile; fileRef = 857447682370D7D4008222BA /* Assets.xcassets */; };
		8574476C2370D7D4008222BA /* LaunchScreen.storyboard in Resources */ = {isa = PBXBuildFile; fileRef = 8574476A2370D7D4008222BA /* LaunchScreen.storyboard */; };
		8574476F2370D7D4008222BA /* main.m in Sources */ = {isa = PBXBuildFile; fileRef = 8574476E2370D7D4008222BA /* main.m */; };
		857DB06F23A8412200F51267 /* Translate.m in Sources */ = {isa = PBXBuildFile; fileRef = 857DB06E23A8412200F51267 /* Translate.m */; };
		858CFFEE237B753A00AD9A92 /* calc.c in Sources */ = {isa = PBXBuildFile; fileRef = 858CFFED237B753A00AD9A92 /* calc.c */; };
		85A337FD23DB89B300913CA9 /* 401b51c3a9098f12b566121c92009877-mars-planet-icon-by-vexels.png in Resources */ = {isa = PBXBuildFile; fileRef = 85A337FC23DB89B300913CA9 /* 401b51c3a9098f12b566121c92009877-mars-planet-icon-by-vexels.png */; };
		85A337FF23DB8A4500913CA9 /* Golf2.storyboard in Resources */ = {isa = PBXBuildFile; fileRef = 85A337FE23DB8A4500913CA9 /* Golf2.storyboard */; };
		85A3380323DB8E4800913CA9 /* Wood.png in Resources */ = {isa = PBXBuildFile; fileRef = 85A3380223DB8E4800913CA9 /* Wood.png */; };
		85A3380523DB8F0000913CA9 /* Tall Wood.png in Resources */ = {isa = PBXBuildFile; fileRef = 85A3380423DB8F0000913CA9 /* Tall Wood.png */; };
		85A3380923DB91AC00913CA9 /* Untitled drawing-3.png in Resources */ = {isa = PBXBuildFile; fileRef = 85A3380823DB91AC00913CA9 /* Untitled drawing-3.png */; };
		85A3380B23DB920B00913CA9 /* top.png in Resources */ = {isa = PBXBuildFile; fileRef = 85A3380A23DB920B00913CA9 /* top.png */; };
		85A3380D23DB928900913CA9 /* right.png in Resources */ = {isa = PBXBuildFile; fileRef = 85A3380C23DB928900913CA9 /* right.png */; };
		85B55EA123737D5B0079E50F /* Calc.storyboard in Resources */ = {isa = PBXBuildFile; fileRef = 85B55EA023737D5B0079E50F /* Calc.storyboard */; };
		85B55EA6237386760079E50F /* CalcController.m in Sources */ = {isa = PBXBuildFile; fileRef = 85B55EA5237386760079E50F /* CalcController.m */; };
		85C627E02395C78A00D0D8A2 /* ArraySwap.storyboard in Resources */ = {isa = PBXBuildFile; fileRef = 85C627DF2395C78A00D0D8A2 /* ArraySwap.storyboard */; };
		85C6B3A62397245E003469DC /* ArraySwap.m in Sources */ = {isa = PBXBuildFile; fileRef = 85C6B3A52397245E003469DC /* ArraySwap.m */; };
		85C7C5A0237CB0AC00386661 /* SquareController.m in Sources */ = {isa = PBXBuildFile; fileRef = 85C7C59F237CB0AC00386661 /* SquareController.m */; };
		85CDE31F2374D14F00EB461B /* Pythag.storyboard in Resources */ = {isa = PBXBuildFile; fileRef = 85CDE31E2374D14F00EB461B /* Pythag.storyboard */; };
		85CDE3232374D50000EB461B /* square.storyboard in Resources */ = {isa = PBXBuildFile; fileRef = 85CDE3222374D50000EB461B /* square.storyboard */; };
		85D4F4CF23D90853000FA440 /* golf_PNG32-2.png in Resources */ = {isa = PBXBuildFile; fileRef = 85D4F4CE23D90853000FA440 /* golf_PNG32-2.png */; };
		85D4F4D123D909BD000FA440 /* MainGolf.storyboard in Resources */ = {isa = PBXBuildFile; fileRef = 85D4F4D023D909BD000FA440 /* MainGolf.storyboard */; };
		85DD17FF23DA3BEF0007AD1E /* Untitled drawing.png in Resources */ = {isa = PBXBuildFile; fileRef = 85DD17FE23DA3BEF0007AD1E /* Untitled drawing.png */; };
		85DD180123DA3DCF0007AD1E /* Untitled drawing-2.png in Resources */ = {isa = PBXBuildFile; fileRef = 85DD180023DA3DCF0007AD1E /* Untitled drawing-2.png */; };
		85F0D11823CFC4510010E4CF /* Golf.storyboard in Resources */ = {isa = PBXBuildFile; fileRef = 85F0D11723CFC4510010E4CF /* Golf.storyboard */; };
		85F0D11D23CFC8CB0010E4CF /* GolfController.m in Sources */ = {isa = PBXBuildFile; fileRef = 85F0D11C23CFC8CB0010E4CF /* GolfController.m */; };
		85FFCBC623A2F56500C5C098 /* translate.c in Sources */ = {isa = PBXBuildFile; fileRef = 85FFCBC523A2F56500C5C098 /* translate.c */; };
		85FFCBC823A2F59600C5C098 /* Translate.storyboard in Resources */ = {isa = PBXBuildFile; fileRef = 85FFCBC723A2F59600C5C098 /* Translate.storyboard */; };
/* End PBXBuildFile section */

/* Begin PBXFileReference section */
		85004A8F239F07A600ED3334 /* reverse.c */ = {isa = PBXFileReference; lastKnownFileType = sourcecode.c.c; path = reverse.c; sourceTree = "<group>"; };
		8509ABCB23DF9DA300B565CD /* istockphoto-945479754-612x612.jpg */ = {isa = PBXFileReference; lastKnownFileType = image.jpeg; path = "istockphoto-945479754-612x612.jpg"; sourceTree = "<group>"; };
		8509ABD323DFA1EE00B565CD /* Rover New.png */ = {isa = PBXFileReference; lastKnownFileType = image.png; path = "Rover New.png"; sourceTree = "<group>"; };
		852B40C2237626FD0044AF2D /* PythagController.m */ = {isa = PBXFileReference; lastKnownFileType = sourcecode.c.objc; path = PythagController.m; sourceTree = "<group>"; };
		852B40C4237627090044AF2D /* PythagController.h */ = {isa = PBXFileReference; lastKnownFileType = sourcecode.c.h; path = PythagController.h; sourceTree = "<group>"; };
		855FB19323D7BC7600B24534 /* square.jpg */ = {isa = PBXFileReference; lastKnownFileType = image.jpeg; path = square.jpg; sourceTree = "<group>"; };
		855FB19723D7BCBA00B24534 /* EasyDopeyLeafbird-max-1mb.gif */ = {isa = PBXFileReference; lastKnownFileType = image.gif; path = "EasyDopeyLeafbird-max-1mb.gif"; sourceTree = "<group>"; };
		855FB19923D7BCF600B24534 /* button.png */ = {isa = PBXFileReference; lastKnownFileType = image.png; path = button.png; sourceTree = "<group>"; };
		855FB1A023D7BD2100B24534 /* tirangler.png */ = {isa = PBXFileReference; lastKnownFileType = image.png; path = tirangler.png; sourceTree = "<group>"; };
		855FB1A423D7C12600B24534 /* glossy-pink-2-button-md.png */ = {isa = PBXFileReference; lastKnownFileType = image.png; path = "glossy-pink-2-button-md.png"; sourceTree = "<group>"; };
		857447592370D7D2008222BA /* UI-Portfolio - Andrew Hale.app */ = {isa = PBXFileReference; explicitFileType = wrapper.application; includeInIndex = 0; path = "UI-Portfolio - Andrew Hale.app"; sourceTree = BUILT_PRODUCTS_DIR; };
		8574475C2370D7D2008222BA /* AppDelegate.h */ = {isa = PBXFileReference; lastKnownFileType = sourcecode.c.h; path = AppDelegate.h; sourceTree = "<group>"; };
		8574475D2370D7D2008222BA /* AppDelegate.m */ = {isa = PBXFileReference; lastKnownFileType = sourcecode.c.objc; path = AppDelegate.m; sourceTree = "<group>"; };
		8574475F2370D7D2008222BA /* SceneDelegate.h */ = {isa = PBXFileReference; lastKnownFileType = sourcecode.c.h; path = SceneDelegate.h; sourceTree = "<group>"; };
		857447602370D7D2008222BA /* SceneDelegate.m */ = {isa = PBXFileReference; lastKnownFileType = sourcecode.c.objc; path = SceneDelegate.m; sourceTree = "<group>"; };
		857447622370D7D2008222BA /* ViewController.h */ = {isa = PBXFileReference; lastKnownFileType = sourcecode.c.h; path = ViewController.h; sourceTree = "<group>"; };
		857447632370D7D2008222BA /* ViewController.m */ = {isa = PBXFileReference; lastKnownFileType = sourcecode.c.objc; path = ViewController.m; sourceTree = "<group>"; };
		857447662370D7D2008222BA /* Base */ = {isa = PBXFileReference; lastKnownFileType = file.storyboard; name = Base; path = Base.lproj/Main.storyboard; sourceTree = "<group>"; };
		857447682370D7D4008222BA /* Assets.xcassets */ = {isa = PBXFileReference; lastKnownFileType = folder.assetcatalog; path = Assets.xcassets; sourceTree = "<group>"; };
		8574476B2370D7D4008222BA /* Base */ = {isa = PBXFileReference; lastKnownFileType = file.storyboard; name = Base; path = Base.lproj/LaunchScreen.storyboard; sourceTree = "<group>"; };
		8574476D2370D7D4008222BA /* Info.plist */ = {isa = PBXFileReference; lastKnownFileType = text.plist.xml; path = Info.plist; sourceTree = "<group>"; };
		8574476E2370D7D4008222BA /* main.m */ = {isa = PBXFileReference; lastKnownFileType = sourcecode.c.objc; path = main.m; sourceTree = "<group>"; };
		857DB06E23A8412200F51267 /* Translate.m */ = {isa = PBXFileReference; lastKnownFileType = sourcecode.c.objc; path = Translate.m; sourceTree = "<group>"; };
		857DB07023A8412B00F51267 /* Translate.h */ = {isa = PBXFileReference; lastKnownFileType = sourcecode.c.h; path = Translate.h; sourceTree = "<group>"; };
		858CFFEC237B6E2600AD9A92 /* control.h */ = {isa = PBXFileReference; lastKnownFileType = sourcecode.c.h; path = control.h; sourceTree = "<group>"; };
		858CFFED237B753A00AD9A92 /* calc.c */ = {isa = PBXFileReference; fileEncoding = 4; lastKnownFileType = sourcecode.c.c; path = calc.c; sourceTree = "<group>"; };
		85A337FC23DB89B300913CA9 /* 401b51c3a9098f12b566121c92009877-mars-planet-icon-by-vexels.png */ = {isa = PBXFileReference; lastKnownFileType = image.png; path = "401b51c3a9098f12b566121c92009877-mars-planet-icon-by-vexels.png"; sourceTree = "<group>"; };
		85A337FE23DB8A4500913CA9 /* Golf2.storyboard */ = {isa = PBXFileReference; lastKnownFileType = file.storyboard; path = Golf2.storyboard; sourceTree = "<group>"; };
		85A3380223DB8E4800913CA9 /* Wood.png */ = {isa = PBXFileReference; lastKnownFileType = image.png; path = Wood.png; sourceTree = "<group>"; };
		85A3380423DB8F0000913CA9 /* Tall Wood.png */ = {isa = PBXFileReference; lastKnownFileType = image.png; path = "Tall Wood.png"; sourceTree = "<group>"; };
		85A3380823DB91AC00913CA9 /* Untitled drawing-3.png */ = {isa = PBXFileReference; lastKnownFileType = image.png; path = "Untitled drawing-3.png"; sourceTree = "<group>"; };
		85A3380A23DB920B00913CA9 /* top.png */ = {isa = PBXFileReference; lastKnownFileType = image.png; path = top.png; sourceTree = "<group>"; };
		85A3380C23DB928900913CA9 /* right.png */ = {isa = PBXFileReference; lastKnownFileType = image.png; path = right.png; sourceTree = "<group>"; };
		85B55EA023737D5B0079E50F /* Calc.storyboard */ = {isa = PBXFileReference; lastKnownFileType = file.storyboard; path = Calc.storyboard; sourceTree = "<group>"; };
		85B55EA5237386760079E50F /* CalcController.m */ = {isa = PBXFileReference; lastKnownFileType = sourcecode.c.objc; path = CalcController.m; sourceTree = "<group>"; };
		85B55EA72373868E0079E50F /* CalcController.h */ = {isa = PBXFileReference; lastKnownFileType = sourcecode.c.h; path = CalcController.h; sourceTree = "<group>"; };
		85C627DF2395C78A00D0D8A2 /* ArraySwap.storyboard */ = {isa = PBXFileReference; lastKnownFileType = file.storyboard; path = ArraySwap.storyboard; sourceTree = "<group>"; };
		85C6B3A22397209B003469DC /* ArraySwap.h */ = {isa = PBXFileReference; lastKnownFileType = sourcecode.c.h; path = ArraySwap.h; sourceTree = "<group>"; };
		85C6B3A52397245E003469DC /* ArraySwap.m */ = {isa = PBXFileReference; lastKnownFileType = sourcecode.c.objc; path = ArraySwap.m; sourceTree = "<group>"; };
		85C7C59F237CB0AC00386661 /* SquareController.m */ = {isa = PBXFileReference; lastKnownFileType = sourcecode.c.objc; path = SquareController.m; sourceTree = "<group>"; };
		85C7C5A1237CB0B500386661 /* SquareController.h */ = {isa = PBXFileReference; lastKnownFileType = sourcecode.c.h; path = SquareController.h; sourceTree = "<group>"; };
		85CDE31E2374D14F00EB461B /* Pythag.storyboard */ = {isa = PBXFileReference; lastKnownFileType = file.storyboard; path = Pythag.storyboard; sourceTree = "<group>"; };
		85CDE3222374D50000EB461B /* square.storyboard */ = {isa = PBXFileReference; lastKnownFileType = file.storyboard; path = square.storyboard; sourceTree = "<group>"; };
		85D4F4CE23D90853000FA440 /* golf_PNG32-2.png */ = {isa = PBXFileReference; lastKnownFileType = image.png; path = "golf_PNG32-2.png"; sourceTree = "<group>"; };
		85D4F4D023D909BD000FA440 /* MainGolf.storyboard */ = {isa = PBXFileReference; lastKnownFileType = file.storyboard; path = MainGolf.storyboard; sourceTree = "<group>"; };
		85DD17FE23DA3BEF0007AD1E /* Untitled drawing.png */ = {isa = PBXFileReference; lastKnownFileType = image.png; path = "Untitled drawing.png"; sourceTree = "<group>"; };
		85DD180023DA3DCF0007AD1E /* Untitled drawing-2.png */ = {isa = PBXFileReference; lastKnownFileType = image.png; path = "Untitled drawing-2.png"; sourceTree = "<group>"; };
		85F0D11723CFC4510010E4CF /* Golf.storyboard */ = {isa = PBXFileReference; lastKnownFileType = file.storyboard; path = Golf.storyboard; sourceTree = "<group>"; };
		85F0D11923CFC8AC0010E4CF /* GolfController.h */ = {isa = PBXFileReference; lastKnownFileType = sourcecode.c.h; path = GolfController.h; sourceTree = "<group>"; };
		85F0D11C23CFC8CB0010E4CF /* GolfController.m */ = {isa = PBXFileReference; lastKnownFileType = sourcecode.c.objc; path = GolfController.m; sourceTree = "<group>"; };
		85FFCBC523A2F56500C5C098 /* translate.c */ = {isa = PBXFileReference; lastKnownFileType = sourcecode.c.c; path = translate.c; sourceTree = "<group>"; };
		85FFCBC723A2F59600C5C098 /* Translate.storyboard */ = {isa = PBXFileReference; lastKnownFileType = file.storyboard; path = Translate.storyboard; sourceTree = "<group>"; };
/* End PBXFileReference section */

/* Begin PBXFrameworksBuildPhase section */
		857447562370D7D2008222BA /* Frameworks */ = {
			isa = PBXFrameworksBuildPhase;
			buildActionMask = 2147483647;
			files = (
			);
			runOnlyForDeploymentPostprocessing = 0;
		};
/* End PBXFrameworksBuildPhase section */

/* Begin PBXGroup section */
		857447502370D7D2008222BA = {
			isa = PBXGroup;
			children = (
				8574475B2370D7D2008222BA /* UI-Portfolio */,
				8574475A2370D7D2008222BA /* Products */,
			);
			sourceTree = "<group>";
		};
		8574475A2370D7D2008222BA /* Products */ = {
			isa = PBXGroup;
			children = (
				857447592370D7D2008222BA /* UI-Portfolio - Andrew Hale.app */,
			);
			name = Products;
			sourceTree = "<group>";
		};
		8574475B2370D7D2008222BA /* UI-Portfolio */ = {
			isa = PBXGroup;
			children = (
				8574476E2370D7D4008222BA /* main.m */,
				85DC252923A0624D002EBC06 /* Control */,
				857447762370D83B008222BA /* View Controls */,
				857447772370D84C008222BA /* Views */,
				857447752370D7F9008222BA /* Models */,
				857447682370D7D4008222BA /* Assets.xcassets */,
				8574476D2370D7D4008222BA /* Info.plist */,
				85B55EA2237382B10079E50F /* Images */,
			);
			path = "UI-Portfolio";
			sourceTree = "<group>";
		};
		857447752370D7F9008222BA /* Models */ = {
			isa = PBXGroup;
			children = (
				8574475D2370D7D2008222BA /* AppDelegate.m */,
				8574475C2370D7D2008222BA /* AppDelegate.h */,
				857447602370D7D2008222BA /* SceneDelegate.m */,
				8574475F2370D7D2008222BA /* SceneDelegate.h */,
			);
			path = Models;
			sourceTree = "<group>";
		};
		857447762370D83B008222BA /* View Controls */ = {
			isa = PBXGroup;
			children = (
				857447632370D7D2008222BA /* ViewController.m */,
				857447622370D7D2008222BA /* ViewController.h */,
				85B55EA5237386760079E50F /* CalcController.m */,
				85B55EA72373868E0079E50F /* CalcController.h */,
				852B40C2237626FD0044AF2D /* PythagController.m */,
				852B40C4237627090044AF2D /* PythagController.h */,
				85C7C59F237CB0AC00386661 /* SquareController.m */,
				85C7C5A1237CB0B500386661 /* SquareController.h */,
				85C6B3A52397245E003469DC /* ArraySwap.m */,
				85C6B3A22397209B003469DC /* ArraySwap.h */,
				857DB06E23A8412200F51267 /* Translate.m */,
				857DB07023A8412B00F51267 /* Translate.h */,
				85F0D11923CFC8AC0010E4CF /* GolfController.h */,
				85F0D11C23CFC8CB0010E4CF /* GolfController.m */,
			);
			path = "View Controls";
			sourceTree = "<group>";
		};
		857447772370D84C008222BA /* Views */ = {
			isa = PBXGroup;
			children = (
				8574476A2370D7D4008222BA /* LaunchScreen.storyboard */,
				857447652370D7D2008222BA /* Main.storyboard */,
				85B55EA023737D5B0079E50F /* Calc.storyboard */,
				85CDE31E2374D14F00EB461B /* Pythag.storyboard */,
				85CDE3222374D50000EB461B /* square.storyboard */,
				85C627DF2395C78A00D0D8A2 /* ArraySwap.storyboard */,
				85FFCBC723A2F59600C5C098 /* Translate.storyboard */,
				85D4F4D023D909BD000FA440 /* MainGolf.storyboard */,
				85F0D11723CFC4510010E4CF /* Golf.storyboard */,
				85A337FE23DB8A4500913CA9 /* Golf2.storyboard */,
			);
			path = Views;
			sourceTree = "<group>";
		};
		85B55EA2237382B10079E50F /* Images */ = {
			isa = PBXGroup;
			children = (
				855FB19323D7BC7600B24534 /* square.jpg */,
				855FB19723D7BCBA00B24534 /* EasyDopeyLeafbird-max-1mb.gif */,
				85DD17FE23DA3BEF0007AD1E /* Untitled drawing.png */,
				85A3380823DB91AC00913CA9 /* Untitled drawing-3.png */,
				85A3380223DB8E4800913CA9 /* Wood.png */,
				855FB1A423D7C12600B24534 /* glossy-pink-2-button-md.png */,
				85A3380A23DB920B00913CA9 /* top.png */,
				8509ABD323DFA1EE00B565CD /* Rover New.png */,
				85DD180023DA3DCF0007AD1E /* Untitled drawing-2.png */,
				855FB19923D7BCF600B24534 /* button.png */,
				8509ABCB23DF9DA300B565CD /* istockphoto-945479754-612x612.jpg */,
				85A3380C23DB928900913CA9 /* right.png */,
				85A3380423DB8F0000913CA9 /* Tall Wood.png */,
				85D4F4CE23D90853000FA440 /* golf_PNG32-2.png */,
				855FB1A023D7BD2100B24534 /* tirangler.png */,
				85A337FC23DB89B300913CA9 /* 401b51c3a9098f12b566121c92009877-mars-planet-icon-by-vexels.png */,
			);
			path = Images;
			sourceTree = "<group>";
		};
		85DC252923A0624D002EBC06 /* Control */ = {
			isa = PBXGroup;
			children = (
				858CFFEC237B6E2600AD9A92 /* control.h */,
				858CFFED237B753A00AD9A92 /* calc.c */,
				85004A8F239F07A600ED3334 /* reverse.c */,
				85FFCBC523A2F56500C5C098 /* translate.c */,
			);
			path = Control;
			sourceTree = "<group>";
		};
/* End PBXGroup section */

/* Begin PBXNativeTarget section */
		857447582370D7D2008222BA /* UI-Portfolio - Andrew Hale */ = {
			isa = PBXNativeTarget;
			buildConfigurationList = 857447722370D7D4008222BA /* Build configuration list for PBXNativeTarget "UI-Portfolio - Andrew Hale" */;
			buildPhases = (
				857447552370D7D2008222BA /* Sources */,
				857447562370D7D2008222BA /* Frameworks */,
				857447572370D7D2008222BA /* Resources */,
			);
			buildRules = (
			);
			dependencies = (
			);
			name = "UI-Portfolio - Andrew Hale";
			productName = "UI-Portfolio";
			productReference = 857447592370D7D2008222BA /* UI-Portfolio - Andrew Hale.app */;
			productType = "com.apple.product-type.application";
		};
/* End PBXNativeTarget section */

/* Begin PBXProject section */
		857447512370D7D2008222BA /* Project object */ = {
			isa = PBXProject;
			attributes = {
				LastUpgradeCheck = 1110;
				ORGANIZATIONNAME = "Hale, Andrew";
				TargetAttributes = {
					857447582370D7D2008222BA = {
						CreatedOnToolsVersion = 11.1;
					};
				};
			};
			buildConfigurationList = 857447542370D7D2008222BA /* Build configuration list for PBXProject "UI-Portfolio - Andrew Hale" */;
			compatibilityVersion = "Xcode 9.3";
			developmentRegion = en;
			hasScannedForEncodings = 0;
			knownRegions = (
				en,
				Base,
			);
			mainGroup = 857447502370D7D2008222BA;
			productRefGroup = 8574475A2370D7D2008222BA /* Products */;
			projectDirPath = "";
			projectRoot = "";
			targets = (
				857447582370D7D2008222BA /* UI-Portfolio - Andrew Hale */,
			);
		};
/* End PBXProject section */

/* Begin PBXResourcesBuildPhase section */
		857447572370D7D2008222BA /* Resources */ = {
			isa = PBXResourcesBuildPhase;
			buildActionMask = 2147483647;
			files = (
				85C627E02395C78A00D0D8A2 /* ArraySwap.storyboard in Resources */,
				8509ABD423DFA1EE00B565CD /* Rover New.png in Resources */,
				85A337FF23DB8A4500913CA9 /* Golf2.storyboard in Resources */,
				85DD180123DA3DCF0007AD1E /* Untitled drawing-2.png in Resources */,
				85A3380323DB8E4800913CA9 /* Wood.png in Resources */,
				855FB19823D7BCBA00B24534 /* EasyDopeyLeafbird-max-1mb.gif in Resources */,
				85F0D11823CFC4510010E4CF /* Golf.storyboard in Resources */,
				85A3380923DB91AC00913CA9 /* Untitled drawing-3.png in Resources */,
				855FB1A523D7C12600B24534 /* glossy-pink-2-button-md.png in Resources */,
				85DD17FF23DA3BEF0007AD1E /* Untitled drawing.png in Resources */,
				855FB19423D7BC7600B24534 /* square.jpg in Resources */,
				8574476C2370D7D4008222BA /* LaunchScreen.storyboard in Resources */,
				85FFCBC823A2F59600C5C098 /* Translate.storyboard in Resources */,
				85D4F4D123D909BD000FA440 /* MainGolf.storyboard in Resources */,
				85B55EA123737D5B0079E50F /* Calc.storyboard in Resources */,
				855FB19A23D7BCF600B24534 /* button.png in Resources */,
				855FB1A123D7BD2100B24534 /* tirangler.png in Resources */,
				857447692370D7D4008222BA /* Assets.xcassets in Resources */,
				85A3380B23DB920B00913CA9 /* top.png in Resources */,
				8509ABCC23DF9DA300B565CD /* istockphoto-945479754-612x612.jpg in Resources */,
				857447672370D7D2008222BA /* Main.storyboard in Resources */,
				85CDE31F2374D14F00EB461B /* Pythag.storyboard in Resources */,
				85A3380D23DB928900913CA9 /* right.png in Resources */,
				85CDE3232374D50000EB461B /* square.storyboard in Resources */,
				85D4F4CF23D90853000FA440 /* golf_PNG32-2.png in Resources */,
				85A3380523DB8F0000913CA9 /* Tall Wood.png in Resources */,
				85A337FD23DB89B300913CA9 /* 401b51c3a9098f12b566121c92009877-mars-planet-icon-by-vexels.png in Resources */,
			);
			runOnlyForDeploymentPostprocessing = 0;
		};
/* End PBXResourcesBuildPhase section */

/* Begin PBXSourcesBuildPhase section */
		857447552370D7D2008222BA /* Sources */ = {
			isa = PBXSourcesBuildPhase;
			buildActionMask = 2147483647;
			files = (
				857DB06F23A8412200F51267 /* Translate.m in Sources */,
				85FFCBC623A2F56500C5C098 /* translate.c in Sources */,
				85F0D11D23CFC8CB0010E4CF /* GolfController.m in Sources */,
				85C6B3A62397245E003469DC /* ArraySwap.m in Sources */,
				852B40C3237626FD0044AF2D /* PythagController.m in Sources */,
				857447642370D7D2008222BA /* ViewController.m in Sources */,
				85C7C5A0237CB0AC00386661 /* SquareController.m in Sources */,
				8574475E2370D7D2008222BA /* AppDelegate.m in Sources */,
				8574476F2370D7D4008222BA /* main.m in Sources */,
				857447612370D7D2008222BA /* SceneDelegate.m in Sources */,
				85B55EA6237386760079E50F /* CalcController.m in Sources */,
				85004A90239F07A600ED3334 /* reverse.c in Sources */,
				858CFFEE237B753A00AD9A92 /* calc.c in Sources */,
			);
			runOnlyForDeploymentPostprocessing = 0;
		};
/* End PBXSourcesBuildPhase section */

/* Begin PBXVariantGroup section */
		857447652370D7D2008222BA /* Main.storyboard */ = {
			isa = PBXVariantGroup;
			children = (
				857447662370D7D2008222BA /* Base */,
			);
			name = Main.storyboard;
			sourceTree = "<group>";
		};
		8574476A2370D7D4008222BA /* LaunchScreen.storyboard */ = {
			isa = PBXVariantGroup;
			children = (
				8574476B2370D7D4008222BA /* Base */,
			);
			name = LaunchScreen.storyboard;
			sourceTree = "<group>";
		};
/* End PBXVariantGroup section */

/* Begin XCBuildConfiguration section */
		857447702370D7D4008222BA /* Debug */ = {
			isa = XCBuildConfiguration;
			buildSettings = {
				ALWAYS_SEARCH_USER_PATHS = NO;
				CLANG_ANALYZER_NONNULL = YES;
				CLANG_ANALYZER_NUMBER_OBJECT_CONVERSION = YES_AGGRESSIVE;
				CLANG_CXX_LANGUAGE_STANDARD = "gnu++14";
				CLANG_CXX_LIBRARY = "libc++";
				CLANG_ENABLE_MODULES = YES;
				CLANG_ENABLE_OBJC_ARC = YES;
				CLANG_ENABLE_OBJC_WEAK = YES;
				CLANG_WARN_BLOCK_CAPTURE_AUTORELEASING = YES;
				CLANG_WARN_BOOL_CONVERSION = YES;
				CLANG_WARN_COMMA = YES;
				CLANG_WARN_CONSTANT_CONVERSION = YES;
				CLANG_WARN_DEPRECATED_OBJC_IMPLEMENTATIONS = YES;
				CLANG_WARN_DIRECT_OBJC_ISA_USAGE = YES_ERROR;
				CLANG_WARN_DOCUMENTATION_COMMENTS = YES;
				CLANG_WARN_EMPTY_BODY = YES;
				CLANG_WARN_ENUM_CONVERSION = YES;
				CLANG_WARN_INFINITE_RECURSION = YES;
				CLANG_WARN_INT_CONVERSION = YES;
				CLANG_WARN_NON_LITERAL_NULL_CONVERSION = YES;
				CLANG_WARN_OBJC_IMPLICIT_RETAIN_SELF = YES;
				CLANG_WARN_OBJC_LITERAL_CONVERSION = YES;
				CLANG_WARN_OBJC_ROOT_CLASS = YES_ERROR;
				CLANG_WARN_RANGE_LOOP_ANALYSIS = YES;
				CLANG_WARN_STRICT_PROTOTYPES = YES;
				CLANG_WARN_SUSPICIOUS_MOVE = YES;
				CLANG_WARN_UNGUARDED_AVAILABILITY = YES_AGGRESSIVE;
				CLANG_WARN_UNREACHABLE_CODE = YES;
				CLANG_WARN__DUPLICATE_METHOD_MATCH = YES;
				COPY_PHASE_STRIP = NO;
				DEBUG_INFORMATION_FORMAT = dwarf;
				ENABLE_STRICT_OBJC_MSGSEND = YES;
				ENABLE_TESTABILITY = YES;
				GCC_C_LANGUAGE_STANDARD = gnu11;
				GCC_DYNAMIC_NO_PIC = NO;
				GCC_NO_COMMON_BLOCKS = YES;
				GCC_OPTIMIZATION_LEVEL = 0;
				GCC_PREPROCESSOR_DEFINITIONS = (
					"DEBUG=1",
					"$(inherited)",
				);
				GCC_WARN_64_TO_32_BIT_CONVERSION = YES;
				GCC_WARN_ABOUT_RETURN_TYPE = YES_ERROR;
				GCC_WARN_UNDECLARED_SELECTOR = YES;
				GCC_WARN_UNINITIALIZED_AUTOS = YES_AGGRESSIVE;
				GCC_WARN_UNUSED_FUNCTION = YES;
				GCC_WARN_UNUSED_VARIABLE = YES;
				IPHONEOS_DEPLOYMENT_TARGET = 13.1;
				MTL_ENABLE_DEBUG_INFO = INCLUDE_SOURCE;
				MTL_FAST_MATH = YES;
				ONLY_ACTIVE_ARCH = YES;
				SDKROOT = iphoneos;
			};
			name = Debug;
		};
		857447712370D7D4008222BA /* Release */ = {
			isa = XCBuildConfiguration;
			buildSettings = {
				ALWAYS_SEARCH_USER_PATHS = NO;
				CLANG_ANALYZER_NONNULL = YES;
				CLANG_ANALYZER_NUMBER_OBJECT_CONVERSION = YES_AGGRESSIVE;
				CLANG_CXX_LANGUAGE_STANDARD = "gnu++14";
				CLANG_CXX_LIBRARY = "libc++";
				CLANG_ENABLE_MODULES = YES;
				CLANG_ENABLE_OBJC_ARC = YES;
				CLANG_ENABLE_OBJC_WEAK = YES;
				CLANG_WARN_BLOCK_CAPTURE_AUTORELEASING = YES;
				CLANG_WARN_BOOL_CONVERSION = YES;
				CLANG_WARN_COMMA = YES;
				CLANG_WARN_CONSTANT_CONVERSION = YES;
				CLANG_WARN_DEPRECATED_OBJC_IMPLEMENTATIONS = YES;
				CLANG_WARN_DIRECT_OBJC_ISA_USAGE = YES_ERROR;
				CLANG_WARN_DOCUMENTATION_COMMENTS = YES;
				CLANG_WARN_EMPTY_BODY = YES;
				CLANG_WARN_ENUM_CONVERSION = YES;
				CLANG_WARN_INFINITE_RECURSION = YES;
				CLANG_WARN_INT_CONVERSION = YES;
				CLANG_WARN_NON_LITERAL_NULL_CONVERSION = YES;
				CLANG_WARN_OBJC_IMPLICIT_RETAIN_SELF = YES;
				CLANG_WARN_OBJC_LITERAL_CONVERSION = YES;
				CLANG_WARN_OBJC_ROOT_CLASS = YES_ERROR;
				CLANG_WARN_RANGE_LOOP_ANALYSIS = YES;
				CLANG_WARN_STRICT_PROTOTYPES = YES;
				CLANG_WARN_SUSPICIOUS_MOVE = YES;
				CLANG_WARN_UNGUARDED_AVAILABILITY = YES_AGGRESSIVE;
				CLANG_WARN_UNREACHABLE_CODE = YES;
				CLANG_WARN__DUPLICATE_METHOD_MATCH = YES;
				COPY_PHASE_STRIP = NO;
				DEBUG_INFORMATION_FORMAT = "dwarf-with-dsym";
				ENABLE_NS_ASSERTIONS = NO;
				ENABLE_STRICT_OBJC_MSGSEND = YES;
				GCC_C_LANGUAGE_STANDARD = gnu11;
				GCC_NO_COMMON_BLOCKS = YES;
				GCC_WARN_64_TO_32_BIT_CONVERSION = YES;
				GCC_WARN_ABOUT_RETURN_TYPE = YES_ERROR;
				GCC_WARN_UNDECLARED_SELECTOR = YES;
				GCC_WARN_UNINITIALIZED_AUTOS = YES_AGGRESSIVE;
				GCC_WARN_UNUSED_FUNCTION = YES;
				GCC_WARN_UNUSED_VARIABLE = YES;
				IPHONEOS_DEPLOYMENT_TARGET = 13.1;
				MTL_ENABLE_DEBUG_INFO = NO;
				MTL_FAST_MATH = YES;
				SDKROOT = iphoneos;
				VALIDATE_PRODUCT = YES;
			};
			name = Release;
		};
		857447732370D7D4008222BA /* Debug */ = {
			isa = XCBuildConfiguration;
			buildSettings = {
				ASSETCATALOG_COMPILER_APPICON_NAME = AppIcon;
				CODE_SIGN_STYLE = Automatic;
				INFOPLIST_FILE = "UI-Portfolio/Info.plist";
				LD_RUNPATH_SEARCH_PATHS = (
					"$(inherited)",
					"@executable_path/Frameworks",
				);
				PRODUCT_BUNDLE_IDENTIFIER = "button.UI-Portfolio";
				PRODUCT_NAME = "$(TARGET_NAME)";
				TARGETED_DEVICE_FAMILY = "1,2";
			};
			name = Debug;
		};
		857447742370D7D4008222BA /* Release */ = {
			isa = XCBuildConfiguration;
			buildSettings = {
				ASSETCATALOG_COMPILER_APPICON_NAME = AppIcon;
				CODE_SIGN_STYLE = Automatic;
				INFOPLIST_FILE = "UI-Portfolio/Info.plist";
				LD_RUNPATH_SEARCH_PATHS = (
					"$(inherited)",
					"@executable_path/Frameworks",
				);
				PRODUCT_BUNDLE_IDENTIFIER = "button.UI-Portfolio";
				PRODUCT_NAME = "$(TARGET_NAME)";
				TARGETED_DEVICE_FAMILY = "1,2";
			};
			name = Release;
		};
/* End XCBuildConfiguration section */

/* Begin XCConfigurationList section */
		857447542370D7D2008222BA /* Build configuration list for PBXProject "UI-Portfolio - Andrew Hale" */ = {
			isa = XCConfigurationList;
			buildConfigurations = (
				857447702370D7D4008222BA /* Debug */,
				857447712370D7D4008222BA /* Release */,
			);
			defaultConfigurationIsVisible = 0;
			defaultConfigurationName = Release;
		};
		857447722370D7D4008222BA /* Build configuration list for PBXNativeTarget "UI-Portfolio - Andrew Hale" */ = {
			isa = XCConfigurationList;
			buildConfigurations = (
				857447732370D7D4008222BA /* Debug */,
				857447742370D7D4008222BA /* Release */,
			);
			defaultConfigurationIsVisible = 0;
			defaultConfigurationName = Release;
		};
/* End XCConfigurationList section */
	};
	rootObject = 857447512370D7D2008222BA /* Project object */;
}
